
Microsoft Visual Studio Solution File, Format Version 12.00
# Visual Studio Version 16
VisualStudioVersion = 16.0.31205.134
MinimumVisualStudioVersion = 10.0.40219.1
Project("{FAE04EC0-301F-11D3-BF4B-00C04F79EFBC}") = "CadastroClientesMVVM.Android", "CadastroClientesMVVM\CadastroClientesMVVM.Android\CadastroClientesMVVM.Android.csproj", "{00E05DEF-7751-44CB-A847-3C4C7667D8F9}"
EndProject
Project("{FAE04EC0-301F-11D3-BF4B-00C04F79EFBC}") = "CadastroClientesMVVM", "CadastroClientesMVVM\CadastroClientesMVVM\CadastroClientesMVVM.csproj", "{BF140642-DBB4-4FF1-8DFC-394B76C9A6D4}"
EndProject
Global
	GlobalSection(SolutionConfigurationPlatforms) = preSolution
		Debug|Any CPU = Debug|Any CPU
		Release|Any CPU = Release|Any CPU
	EndGlobalSection
	GlobalSection(ProjectConfigurationPlatforms) = postSolution
		{00E05DEF-7751-44CB-A847-3C4C7667D8F9}.Debug|Any CPU.ActiveCfg = Debug|Any CPU
		{00E05DEF-7751-44CB-A847-3C4C7667D8F9}.Debug|Any CPU.Build.0 = Debug|Any CPU
		{00E05DEF-7751-44CB-A847-3C4C7667D8F9}.Debug|Any CPU.Deploy.0 = Debug|Any CPU
		{00E05DEF-7751-44CB-A847-3C4C7667D8F9}.Release|Any CPU.ActiveCfg = Release|Any CPU
		{00E05DEF-7751-44CB-A847-3C4C7667D8F9}.Release|Any CPU.Build.0 = Release|Any CPU
		{00E05DEF-7751-44CB-A847-3C4C7667D8F9}.Release|Any CPU.Deploy.0 = Release|Any CPU
		{BF140642-DBB4-4FF1-8DFC-394B76C9A6D4}.Debug|Any CPU.ActiveCfg = Debug|Any CPU
		{BF140642-DBB4-4FF1-8DFC-394B76C9A6D4}.Debug|Any CPU.Build.0 = Debug|Any CPU
		{BF140642-DBB4-4FF1-8DFC-394B76C9A6D4}.Debug|Any CPU.Deploy.0 = Debug|Any CPU
		{BF140642-DBB4-4FF1-8DFC-394B76C9A6D4}.Release|Any CPU.ActiveCfg = Release|Any CPU
		{BF140642-DBB4-4FF1-8DFC-394B76C9A6D4}.Release|Any CPU.Build.0 = Release|Any CPU
		{BF140642-DBB4-4FF1-8DFC-394B76C9A6D4}.Release|Any CPU.Deploy.0 = Release|Any CPU
	EndGlobalSection
	GlobalSection(SolutionProperties) = preSolution
		HideSolutionNode = FALSE
	EndGlobalSection
	GlobalSection(ExtensibilityGlobals) = postSolution
		SolutionGuid = {F3FD53B2-AE67-465D-BE76-07E88C65F810}
	EndGlobalSection
EndGlobal
